// !$*UTF8*$!
{
	archiveVersion = 1;
	classes = {
	};
	objectVersion = 50;
	objects = {

/* Begin PBXBuildFile section */
		938823AB22BD475E0084FB18 /* main.swift in Sources */ = {isa = PBXBuildFile; fileRef = 938823AA22BD475E0084FB18 /* main.swift */; };
		938823B522BD4A2B0084FB18 /* RawCommand.swift in Sources */ = {isa = PBXBuildFile; fileRef = 938823B422BD4A2B0084FB18 /* RawCommand.swift */; };
		938823BD22BD51F50084FB18 /* inputs.swift in Sources */ = {isa = PBXBuildFile; fileRef = 938823BC22BD51F50084FB18 /* inputs.swift */; };
		938823BF22BD67FD0084FB18 /* HotelApplication.swift in Sources */ = {isa = PBXBuildFile; fileRef = 938823BE22BD67FD0084FB18 /* HotelApplication.swift */; };
		938823C122BD6A3A0084FB18 /* Service.swift in Sources */ = {isa = PBXBuildFile; fileRef = 938823C022BD6A3A0084FB18 /* Service.swift */; };
		938823C322BD6A7C0084FB18 /* Room.swift in Sources */ = {isa = PBXBuildFile; fileRef = 938823C222BD6A7C0084FB18 /* Room.swift */; };
		938823C522BD6AA30084FB18 /* Customer.swift in Sources */ = {isa = PBXBuildFile; fileRef = 938823C422BD6AA30084FB18 /* Customer.swift */; };
		938823C722BD6ADD0084FB18 /* BookingHistory.swift in Sources */ = {isa = PBXBuildFile; fileRef = 938823C622BD6ADD0084FB18 /* BookingHistory.swift */; };
		938823C922BD6AEB0084FB18 /* Keycard.swift in Sources */ = {isa = PBXBuildFile; fileRef = 938823C822BD6AEB0084FB18 /* Keycard.swift */; };
		938823CB22BD6B0A0084FB18 /* KeycardIssueHistory.swift in Sources */ = {isa = PBXBuildFile; fileRef = 938823CA22BD6B0A0084FB18 /* KeycardIssueHistory.swift */; };
		938823CD22BD6BB10084FB18 /* CustomerInfo.swift in Sources */ = {isa = PBXBuildFile; fileRef = 938823CC22BD6BB10084FB18 /* CustomerInfo.swift */; };
		938823CF22BD6BE20084FB18 /* Hotel.swift in Sources */ = {isa = PBXBuildFile; fileRef = 938823CE22BD6BE20084FB18 /* Hotel.swift */; };
		938823D122BD70E80084FB18 /* Error.swift in Sources */ = {isa = PBXBuildFile; fileRef = 938823D022BD70E80084FB18 /* Error.swift */; };
		9398ED8822C1105600CBCEF6 /* Command.swift in Sources */ = {isa = PBXBuildFile; fileRef = 9398ED8722C1105600CBCEF6 /* Command.swift */; };
/* End PBXBuildFile section */

/* Begin PBXCopyFilesBuildPhase section */
		938823A522BD475E0084FB18 /* CopyFiles */ = {
			isa = PBXCopyFilesBuildPhase;
			buildActionMask = 2147483647;
			dstPath = /usr/share/man/man1/;
			dstSubfolderSpec = 0;
			files = (
			);
			runOnlyForDeploymentPostprocessing = 1;
		};
/* End PBXCopyFilesBuildPhase section */

/* Begin PBXFileReference section */
		938823A722BD475E0084FB18 /* aqoda */ = {isa = PBXFileReference; explicitFileType = "compiled.mach-o.executable"; includeInIndex = 0; path = aqoda; sourceTree = BUILT_PRODUCTS_DIR; };
		938823AA22BD475E0084FB18 /* main.swift */ = {isa = PBXFileReference; lastKnownFileType = sourcecode.swift; path = main.swift; sourceTree = "<group>"; };
		938823B422BD4A2B0084FB18 /* RawCommand.swift */ = {isa = PBXFileReference; lastKnownFileType = sourcecode.swift; path = RawCommand.swift; sourceTree = "<group>"; };
		938823B822BD4FA60084FB18 /* en */ = {isa = PBXFileReference; lastKnownFileType = text; name = en; path = en.lproj/output.txt; sourceTree = "<group>"; };
		938823BC22BD51F50084FB18 /* inputs.swift */ = {isa = PBXFileReference; lastKnownFileType = sourcecode.swift; path = inputs.swift; sourceTree = "<group>"; };
		938823BE22BD67FD0084FB18 /* HotelApplication.swift */ = {isa = PBXFileReference; lastKnownFileType = sourcecode.swift; name = HotelApplication.swift; path = aqoda/HotelApplication.swift; sourceTree = SOURCE_ROOT; };
		938823C022BD6A3A0084FB18 /* Service.swift */ = {isa = PBXFileReference; lastKnownFileType = sourcecode.swift; path = Service.swift; sourceTree = "<group>"; };
		938823C222BD6A7C0084FB18 /* Room.swift */ = {isa = PBXFileReference; lastKnownFileType = sourcecode.swift; path = Room.swift; sourceTree = "<group>"; };
		938823C422BD6AA30084FB18 /* Customer.swift */ = {isa = PBXFileReference; lastKnownFileType = sourcecode.swift; path = Customer.swift; sourceTree = "<group>"; };
		938823C622BD6ADD0084FB18 /* BookingHistory.swift */ = {isa = PBXFileReference; lastKnownFileType = sourcecode.swift; path = BookingHistory.swift; sourceTree = "<group>"; };
		938823C822BD6AEB0084FB18 /* Keycard.swift */ = {isa = PBXFileReference; lastKnownFileType = sourcecode.swift; path = Keycard.swift; sourceTree = "<group>"; };
		938823CA22BD6B0A0084FB18 /* KeycardIssueHistory.swift */ = {isa = PBXFileReference; lastKnownFileType = sourcecode.swift; path = KeycardIssueHistory.swift; sourceTree = "<group>"; };
		938823CC22BD6BB10084FB18 /* CustomerInfo.swift */ = {isa = PBXFileReference; lastKnownFileType = sourcecode.swift; path = CustomerInfo.swift; sourceTree = "<group>"; };
		938823CE22BD6BE20084FB18 /* Hotel.swift */ = {isa = PBXFileReference; lastKnownFileType = sourcecode.swift; path = Hotel.swift; sourceTree = "<group>"; };
		938823D022BD70E80084FB18 /* Error.swift */ = {isa = PBXFileReference; lastKnownFileType = sourcecode.swift; path = Error.swift; sourceTree = "<group>"; };
		9398ED8722C1105600CBCEF6 /* Command.swift */ = {isa = PBXFileReference; lastKnownFileType = sourcecode.swift; path = Command.swift; sourceTree = "<group>"; };
/* End PBXFileReference section */

/* Begin PBXFrameworksBuildPhase section */
		938823A422BD475E0084FB18 /* Frameworks */ = {
			isa = PBXFrameworksBuildPhase;
			buildActionMask = 2147483647;
			files = (
			);
			runOnlyForDeploymentPostprocessing = 0;
		};
/* End PBXFrameworksBuildPhase section */

/* Begin PBXGroup section */
		9388239E22BD475E0084FB18 = {
			isa = PBXGroup;
			children = (
				938823A922BD475E0084FB18 /* aqoda */,
				938823A822BD475E0084FB18 /* Products */,
			);
			sourceTree = "<group>";
		};
		938823A822BD475E0084FB18 /* Products */ = {
			isa = PBXGroup;
			children = (
				938823A722BD475E0084FB18 /* aqoda */,
			);
			name = Products;
			sourceTree = "<group>";
		};
		938823A922BD475E0084FB18 /* aqoda */ = {
			isa = PBXGroup;
			children = (
				938823B322BD4A0B0084FB18 /* models */,
				938823B922BD4FA60084FB18 /* output.txt */,
				938823BE22BD67FD0084FB18 /* HotelApplication.swift */,
				938823AA22BD475E0084FB18 /* main.swift */,
				938823BC22BD51F50084FB18 /* inputs.swift */,
				938823C022BD6A3A0084FB18 /* Service.swift */,
				938823D022BD70E80084FB18 /* Error.swift */,
			);
			path = aqoda;
			sourceTree = "<group>";
		};
		938823B322BD4A0B0084FB18 /* models */ = {
			isa = PBXGroup;
			children = (
				9398ED8722C1105600CBCEF6 /* Command.swift */,
				938823B422BD4A2B0084FB18 /* RawCommand.swift */,
				938823C222BD6A7C0084FB18 /* Room.swift */,
				938823C422BD6AA30084FB18 /* Customer.swift */,
				938823CE22BD6BE20084FB18 /* Hotel.swift */,
				938823C622BD6ADD0084FB18 /* BookingHistory.swift */,
				938823C822BD6AEB0084FB18 /* Keycard.swift */,
				938823CA22BD6B0A0084FB18 /* KeycardIssueHistory.swift */,
				938823CC22BD6BB10084FB18 /* CustomerInfo.swift */,
			);
			path = models;
			sourceTree = "<group>";
		};
/* End PBXGroup section */

/* Begin PBXNativeTarget section */
		938823A622BD475E0084FB18 /* aqoda */ = {
			isa = PBXNativeTarget;
			buildConfigurationList = 938823AE22BD475E0084FB18 /* Build configuration list for PBXNativeTarget "aqoda" */;
			buildPhases = (
				938823A322BD475E0084FB18 /* Sources */,
				938823A422BD475E0084FB18 /* Frameworks */,
				938823A522BD475E0084FB18 /* CopyFiles */,
			);
			buildRules = (
			);
			dependencies = (
			);
			name = aqoda;
			productName = aqoda;
			productReference = 938823A722BD475E0084FB18 /* aqoda */;
			productType = "com.apple.product-type.tool";
		};
/* End PBXNativeTarget section */

/* Begin PBXProject section */
		9388239F22BD475E0084FB18 /* Project object */ = {
			isa = PBXProject;
			attributes = {
				LastSwiftUpdateCheck = 1020;
				LastUpgradeCheck = 1020;
				ORGANIZATIONNAME = "Siwat Ponpued";
				TargetAttributes = {
					938823A622BD475E0084FB18 = {
						CreatedOnToolsVersion = 10.2.1;
					};
				};
			};
			buildConfigurationList = 938823A222BD475E0084FB18 /* Build configuration list for PBXProject "aqoda" */;
			compatibilityVersion = "Xcode 9.3";
			developmentRegion = en;
			hasScannedForEncodings = 0;
			knownRegions = (
				en,
			);
			mainGroup = 9388239E22BD475E0084FB18;
			productRefGroup = 938823A822BD475E0084FB18 /* Products */;
			projectDirPath = "";
			projectRoot = "";
			targets = (
				938823A622BD475E0084FB18 /* aqoda */,
			);
		};
/* End PBXProject section */

/* Begin PBXSourcesBuildPhase section */
		938823A322BD475E0084FB18 /* Sources */ = {
			isa = PBXSourcesBuildPhase;
			buildActionMask = 2147483647;
			files = (
				938823BD22BD51F50084FB18 /* inputs.swift in Sources */,
				938823C522BD6AA30084FB18 /* Customer.swift in Sources */,
				938823CD22BD6BB10084FB18 /* CustomerInfo.swift in Sources */,
				938823D122BD70E80084FB18 /* Error.swift in Sources */,
				9398ED8822C1105600CBCEF6 /* Command.swift in Sources */,
				938823C722BD6ADD0084FB18 /* BookingHistory.swift in Sources */,
				938823BF22BD67FD0084FB18 /* HotelApplication.swift in Sources */,
				938823C922BD6AEB0084FB18 /* Keycard.swift in Sources */,
				938823CF22BD6BE20084FB18 /* Hotel.swift in Sources */,
				938823C322BD6A7C0084FB18 /* Room.swift in Sources */,
				938823C122BD6A3A0084FB18 /* Service.swift in Sources */,
				938823AB22BD475E0084FB18 /* main.swift in Sources */,
				938823CB22BD6B0A0084FB18 /* KeycardIssueHistory.swift in Sources */,
				938823B522BD4A2B0084FB18 /* RawCommand.swift in Sources */,
			);
			runOnlyForDeploymentPostprocessing = 0;
		};
/* End PBXSourcesBuildPhase section */

/* Begin PBXVariantGroup section */
		938823B922BD4FA60084FB18 /* output.txt */ = {
			isa = PBXVariantGroup;
			children = (
				938823B822BD4FA60084FB18 /* en */,
			);
			name = output.txt;
			sourceTree = "<group>";
		};
/* End PBXVariantGroup section */

/* Begin XCBuildConfiguration section */
		938823AC22BD475E0084FB18 /* Debug */ = {
			isa = XCBuildConfiguration;
			buildSettings = {
				ALWAYS_SEARCH_USER_PATHS = NO;
				CLANG_ANALYZER_NONNULL = YES;
				CLANG_ANALYZER_NUMBER_OBJECT_CONVERSION = YES_AGGRESSIVE;
				CLANG_CXX_LANGUAGE_STANDARD = "gnu++14";
				CLANG_CXX_LIBRARY = "libc++";
				CLANG_ENABLE_MODULES = YES;
				CLANG_ENABLE_OBJC_ARC = YES;
				CLANG_ENABLE_OBJC_WEAK = YES;
				CLANG_WARN_BLOCK_CAPTURE_AUTORELEASING = YES;
				CLANG_WARN_BOOL_CONVERSION = YES;
				CLANG_WARN_COMMA = YES;
				CLANG_WARN_CONSTANT_CONVERSION = YES;
				CLANG_WARN_DEPRECATED_OBJC_IMPLEMENTATIONS = YES;
				CLANG_WARN_DIRECT_OBJC_ISA_USAGE = YES_ERROR;
				CLANG_WARN_DOCUMENTATION_COMMENTS = YES;
				CLANG_WARN_EMPTY_BODY = YES;
				CLANG_WARN_ENUM_CONVERSION = YES;
				CLANG_WARN_INFINITE_RECURSION = YES;
				CLANG_WARN_INT_CONVERSION = YES;
				CLANG_WARN_NON_LITERAL_NULL_CONVERSION = YES;
				CLANG_WARN_OBJC_IMPLICIT_RETAIN_SELF = YES;
				CLANG_WARN_OBJC_LITERAL_CONVERSION = YES;
				CLANG_WARN_OBJC_ROOT_CLASS = YES_ERROR;
				CLANG_WARN_RANGE_LOOP_ANALYSIS = YES;
				CLANG_WARN_STRICT_PROTOTYPES = YES;
				CLANG_WARN_SUSPICIOUS_MOVE = YES;
				CLANG_WARN_UNGUARDED_AVAILABILITY = YES_AGGRESSIVE;
				CLANG_WARN_UNREACHABLE_CODE = YES;
				CLANG_WARN__DUPLICATE_METHOD_MATCH = YES;
				CODE_SIGN_IDENTITY = "-";
				COPY_PHASE_STRIP = NO;
				DEBUG_INFORMATION_FORMAT = dwarf;
				ENABLE_STRICT_OBJC_MSGSEND = YES;
				ENABLE_TESTABILITY = YES;
				GCC_C_LANGUAGE_STANDARD = gnu11;
				GCC_DYNAMIC_NO_PIC = NO;
				GCC_NO_COMMON_BLOCKS = YES;
				GCC_OPTIMIZATION_LEVEL = 0;
				GCC_PREPROCESSOR_DEFINITIONS = (
					"DEBUG=1",
					"$(inherited)",
				);
				GCC_WARN_64_TO_32_BIT_CONVERSION = YES;
				GCC_WARN_ABOUT_RETURN_TYPE = YES_ERROR;
				GCC_WARN_UNDECLARED_SELECTOR = YES;
				GCC_WARN_UNINITIALIZED_AUTOS = YES_AGGRESSIVE;
				GCC_WARN_UNUSED_FUNCTION = YES;
				GCC_WARN_UNUSED_VARIABLE = YES;
				MACOSX_DEPLOYMENT_TARGET = 10.14;
				MTL_ENABLE_DEBUG_INFO = INCLUDE_SOURCE;
				MTL_FAST_MATH = YES;
				ONLY_ACTIVE_ARCH = YES;
				SDKROOT = macosx;
				SWIFT_ACTIVE_COMPILATION_CONDITIONS = DEBUG;
				SWIFT_OPTIMIZATION_LEVEL = "-Onone";
			};
			name = Debug;
		};
		938823AD22BD475E0084FB18 /* Release */ = {
			isa = XCBuildConfiguration;
			buildSettings = {
				ALWAYS_SEARCH_USER_PATHS = NO;
				CLANG_ANALYZER_NONNULL = YES;
				CLANG_ANALYZER_NUMBER_OBJECT_CONVERSION = YES_AGGRESSIVE;
				CLANG_CXX_LANGUAGE_STANDARD = "gnu++14";
				CLANG_CXX_LIBRARY = "libc++";
				CLANG_ENABLE_MODULES = YES;
				CLANG_ENABLE_OBJC_ARC = YES;
				CLANG_ENABLE_OBJC_WEAK = YES;
				CLANG_WARN_BLOCK_CAPTURE_AUTORELEASING = YES;
				CLANG_WARN_BOOL_CONVERSION = YES;
				CLANG_WARN_COMMA = YES;
				CLANG_WARN_CONSTANT_CONVERSION = YES;
				CLANG_WARN_DEPRECATED_OBJC_IMPLEMENTATIONS = YES;
				CLANG_WARN_DIRECT_OBJC_ISA_USAGE = YES_ERROR;
				CLANG_WARN_DOCUMENTATION_COMMENTS = YES;
				CLANG_WARN_EMPTY_BODY = YES;
				CLANG_WARN_ENUM_CONVERSION = YES;
				CLANG_WARN_INFINITE_RECURSION = YES;
				CLANG_WARN_INT_CONVERSION = YES;
				CLANG_WARN_NON_LITERAL_NULL_CONVERSION = YES;
				CLANG_WARN_OBJC_IMPLICIT_RETAIN_SELF = YES;
				CLANG_WARN_OBJC_LITERAL_CONVERSION = YES;
				CLANG_WARN_OBJC_ROOT_CLASS = YES_ERROR;
				CLANG_WARN_RANGE_LOOP_ANALYSIS = YES;
				CLANG_WARN_STRICT_PROTOTYPES = YES;
				CLANG_WARN_SUSPICIOUS_MOVE = YES;
				CLANG_WARN_UNGUARDED_AVAILABILITY = YES_AGGRESSIVE;
				CLANG_WARN_UNREACHABLE_CODE = YES;
				CLANG_WARN__DUPLICATE_METHOD_MATCH = YES;
				CODE_SIGN_IDENTITY = "-";
				COPY_PHASE_STRIP = NO;
				DEBUG_INFORMATION_FORMAT = "dwarf-with-dsym";
				ENABLE_NS_ASSERTIONS = NO;
				ENABLE_STRICT_OBJC_MSGSEND = YES;
				GCC_C_LANGUAGE_STANDARD = gnu11;
				GCC_NO_COMMON_BLOCKS = YES;
				GCC_WARN_64_TO_32_BIT_CONVERSION = YES;
				GCC_WARN_ABOUT_RETURN_TYPE = YES_ERROR;
				GCC_WARN_UNDECLARED_SELECTOR = YES;
				GCC_WARN_UNINITIALIZED_AUTOS = YES_AGGRESSIVE;
				GCC_WARN_UNUSED_FUNCTION = YES;
				GCC_WARN_UNUSED_VARIABLE = YES;
				MACOSX_DEPLOYMENT_TARGET = 10.14;
				MTL_ENABLE_DEBUG_INFO = NO;
				MTL_FAST_MATH = YES;
				SDKROOT = macosx;
				SWIFT_COMPILATION_MODE = wholemodule;
				SWIFT_OPTIMIZATION_LEVEL = "-O";
			};
			name = Release;
		};
		938823AF22BD475E0084FB18 /* Debug */ = {
			isa = XCBuildConfiguration;
			buildSettings = {
				CODE_SIGN_STYLE = Automatic;
				PRODUCT_NAME = "$(TARGET_NAME)";
				SWIFT_VERSION = 5.0;
			};
			name = Debug;
		};
		938823B022BD475E0084FB18 /* Release */ = {
			isa = XCBuildConfiguration;
			buildSettings = {
				CODE_SIGN_STYLE = Automatic;
				PRODUCT_NAME = "$(TARGET_NAME)";
				SWIFT_VERSION = 5.0;
			};
			name = Release;
		};
/* End XCBuildConfiguration section */

/* Begin XCConfigurationList section */
		938823A222BD475E0084FB18 /* Build configuration list for PBXProject "aqoda" */ = {
			isa = XCConfigurationList;
			buildConfigurations = (
				938823AC22BD475E0084FB18 /* Debug */,
				938823AD22BD475E0084FB18 /* Release */,
			);
			defaultConfigurationIsVisible = 0;
			defaultConfigurationName = Release;
		};
		938823AE22BD475E0084FB18 /* Build configuration list for PBXNativeTarget "aqoda" */ = {
			isa = XCConfigurationList;
			buildConfigurations = (
				938823AF22BD475E0084FB18 /* Debug */,
				938823B022BD475E0084FB18 /* Release */,
			);
			defaultConfigurationIsVisible = 0;
			defaultConfigurationName = Release;
		};
/* End XCConfigurationList section */
	};
	rootObject = 9388239F22BD475E0084FB18 /* Project object */;
}
